
Microsoft Visual Studio Solution File, Format Version 12.00
# Visual Studio Version 16
VisualStudioVersion = 16.0.30711.63
MinimumVisualStudioVersion = 10.0.40219.1
Project("{FAE04EC0-301F-11D3-BF4B-00C04F79EFBC}") = "net_core_baby_reminder", "net_core_baby_reminder.csproj", "{299E8A3A-5A07-46A4-9E84-B5733A3B3B05}"
EndProject
Global
	GlobalSection(SolutionConfigurationPlatforms) = preSolution
		Debug|Any CPU = Debug|Any CPU
		Release|Any CPU = Release|Any CPU
	EndGlobalSection
	GlobalSection(ProjectConfigurationPlatforms) = postSolution
		{299E8A3A-5A07-46A4-9E84-B5733A3B3B05}.Debug|Any CPU.ActiveCfg = Debug|Any CPU
		{299E8A3A-5A07-46A4-9E84-B5733A3B3B05}.Debug|Any CPU.Build.0 = Debug|Any CPU
		{299E8A3A-5A07-46A4-9E84-B5733A3B3B05}.Release|Any CPU.ActiveCfg = Release|Any CPU
		{299E8A3A-5A07-46A4-9E84-B5733A3B3B05}.Release|Any CPU.Build.0 = Release|Any CPU
	EndGlobalSection
	GlobalSection(SolutionProperties) = preSolution
		HideSolutionNode = FALSE
	EndGlobalSection
	GlobalSection(ExtensibilityGlobals) = postSolution
		SolutionGuid = {27515317-B8CF-4C5D-BB08-EFC5DE2613F7}
	EndGlobalSection
EndGlobal
