
Microsoft Visual Studio Solution File, Format Version 12.00
# Visual Studio Version 16
VisualStudioVersion = 16.0.30717.126
MinimumVisualStudioVersion = 10.0.40219.1
Project("{9A19103F-16F7-4668-BE54-9A1E7A4F7556}") = "Rodrigo.Tech.ConsoleApp", "Rodrigo.Tech.Console.App\Rodrigo.Tech.ConsoleApp.csproj", "{C53289FE-637A-47B0-8015-55BE9EC70317}"
EndProject
Project("{9A19103F-16F7-4668-BE54-9A1E7A4F7556}") = "Rodrigo.Tech.Models", "Rodrigo.Tech.Models\Rodrigo.Tech.Models.csproj", "{65E2BF49-9DA6-44A7-B4E1-ECE4A6ACA9C7}"
EndProject
Project("{9A19103F-16F7-4668-BE54-9A1E7A4F7556}") = "Rodrigo.Tech.Services", "Rodrigo.Tech.Services\Rodrigo.Tech.Services.csproj", "{F6B6BB98-7659-43A3-9E31-359E4EA69CBC}"
EndProject
Project("{9A19103F-16F7-4668-BE54-9A1E7A4F7556}") = "Rodrigo.Tech.Azure.Functions", "Rodrigo.Tech.Azure.Functions\Rodrigo.Tech.Azure.Functions.csproj", "{262DA3F8-DA57-4B76-9386-8F7E5B157E7D}"
EndProject
Project("{9A19103F-16F7-4668-BE54-9A1E7A4F7556}") = "Rodrigo.Tech.Utility", "Rodrigo.Tech.Utility\Rodrigo.Tech.Utility.csproj", "{70B90E56-95AE-4B21-AFA2-A9EDA9553016}"
EndProject
Project("{9A19103F-16F7-4668-BE54-9A1E7A4F7556}") = "Rodrigo.Tech.Repository", "Rodrigo.Tech.Repository\Rodrigo.Tech.Repository.csproj", "{ABD8A01C-C214-409E-8088-68872DC003A2}"
EndProject
Global
	GlobalSection(SolutionConfigurationPlatforms) = preSolution
		Debug|Any CPU = Debug|Any CPU
		Release|Any CPU = Release|Any CPU
	EndGlobalSection
	GlobalSection(ProjectConfigurationPlatforms) = postSolution
		{C53289FE-637A-47B0-8015-55BE9EC70317}.Debug|Any CPU.ActiveCfg = Debug|Any CPU
		{C53289FE-637A-47B0-8015-55BE9EC70317}.Debug|Any CPU.Build.0 = Debug|Any CPU
		{C53289FE-637A-47B0-8015-55BE9EC70317}.Release|Any CPU.ActiveCfg = Release|Any CPU
		{C53289FE-637A-47B0-8015-55BE9EC70317}.Release|Any CPU.Build.0 = Release|Any CPU
		{65E2BF49-9DA6-44A7-B4E1-ECE4A6ACA9C7}.Debug|Any CPU.ActiveCfg = Debug|Any CPU
		{65E2BF49-9DA6-44A7-B4E1-ECE4A6ACA9C7}.Debug|Any CPU.Build.0 = Debug|Any CPU
		{65E2BF49-9DA6-44A7-B4E1-ECE4A6ACA9C7}.Release|Any CPU.ActiveCfg = Release|Any CPU
		{65E2BF49-9DA6-44A7-B4E1-ECE4A6ACA9C7}.Release|Any CPU.Build.0 = Release|Any CPU
		{F6B6BB98-7659-43A3-9E31-359E4EA69CBC}.Debug|Any CPU.ActiveCfg = Debug|Any CPU
		{F6B6BB98-7659-43A3-9E31-359E4EA69CBC}.Debug|Any CPU.Build.0 = Debug|Any CPU
		{F6B6BB98-7659-43A3-9E31-359E4EA69CBC}.Release|Any CPU.ActiveCfg = Release|Any CPU
		{F6B6BB98-7659-43A3-9E31-359E4EA69CBC}.Release|Any CPU.Build.0 = Release|Any CPU
		{262DA3F8-DA57-4B76-9386-8F7E5B157E7D}.Debug|Any CPU.ActiveCfg = Debug|Any CPU
		{262DA3F8-DA57-4B76-9386-8F7E5B157E7D}.Debug|Any CPU.Build.0 = Debug|Any CPU
		{262DA3F8-DA57-4B76-9386-8F7E5B157E7D}.Release|Any CPU.ActiveCfg = Release|Any CPU
		{262DA3F8-DA57-4B76-9386-8F7E5B157E7D}.Release|Any CPU.Build.0 = Release|Any CPU
		{70B90E56-95AE-4B21-AFA2-A9EDA9553016}.Debug|Any CPU.ActiveCfg = Debug|Any CPU
		{70B90E56-95AE-4B21-AFA2-A9EDA9553016}.Debug|Any CPU.Build.0 = Debug|Any CPU
		{70B90E56-95AE-4B21-AFA2-A9EDA9553016}.Release|Any CPU.ActiveCfg = Release|Any CPU
		{70B90E56-95AE-4B21-AFA2-A9EDA9553016}.Release|Any CPU.Build.0 = Release|Any CPU
		{ABD8A01C-C214-409E-8088-68872DC003A2}.Debug|Any CPU.ActiveCfg = Debug|Any CPU
		{ABD8A01C-C214-409E-8088-68872DC003A2}.Debug|Any CPU.Build.0 = Debug|Any CPU
		{ABD8A01C-C214-409E-8088-68872DC003A2}.Release|Any CPU.ActiveCfg = Release|Any CPU
		{ABD8A01C-C214-409E-8088-68872DC003A2}.Release|Any CPU.Build.0 = Release|Any CPU
	EndGlobalSection
	GlobalSection(SolutionProperties) = preSolution
		HideSolutionNode = FALSE
	EndGlobalSection
	GlobalSection(ExtensibilityGlobals) = postSolution
		SolutionGuid = {5EC1F5DB-5FA2-4BA5-950E-7C0A790ADF08}
	EndGlobalSection
EndGlobal
